
Microsoft Visual Studio Solution File, Format Version 12.00
# Visual Studio Version 17
VisualStudioVersion = 17.9.34701.34
MinimumVisualStudioVersion = 10.0.40219.1
Project("{FAE04EC0-301F-11D3-BF4B-00C04F79EFBC}") = "BusinessHomePage", "BusinessHomePage\BusinessHomePage.csproj", "{B035735F-12F8-4E53-B09F-B33C2E2F8678}"
EndProject
Global
	GlobalSection(SolutionConfigurationPlatforms) = preSolution
		Debug|Any CPU = Debug|Any CPU
		Release|Any CPU = Release|Any CPU
	EndGlobalSection
	GlobalSection(ProjectConfigurationPlatforms) = postSolution
		{B035735F-12F8-4E53-B09F-B33C2E2F8678}.Debug|Any CPU.ActiveCfg = Debug|Any CPU
		{B035735F-12F8-4E53-B09F-B33C2E2F8678}.Debug|Any CPU.Build.0 = Debug|Any CPU
		{B035735F-12F8-4E53-B09F-B33C2E2F8678}.Release|Any CPU.ActiveCfg = Release|Any CPU
		{B035735F-12F8-4E53-B09F-B33C2E2F8678}.Release|Any CPU.Build.0 = Release|Any CPU
	EndGlobalSection
	GlobalSection(SolutionProperties) = preSolution
		HideSolutionNode = FALSE
	EndGlobalSection
	GlobalSection(ExtensibilityGlobals) = postSolution
		SolutionGuid = {4CA1AD3A-3D25-4984-9B88-DB0C89DB6ED8}
	EndGlobalSection
EndGlobal
